PODS:
  - Alamofire (5.4.2)
  - Bolts/Tasks (1.9.1)
  - Parse (1.19.2):
    - Parse/Core (= 1.19.2)
  - Parse/Core (1.19.2):
    - Bolts/Tasks (= 1.9.1)

DEPENDENCIES:
  - Alamofire
  - Parse

SPEC REPOS:
  trunk:
    - Alamofire
    - Bolts
    - Parse

SPEC CHECKSUMS:
  Alamofire: bfbc4c2fe5909b1d94fb4ef2277c6b3727ef5dae
  Bolts: 8c1e8aab2f603387b8b9924f57d1d64f43d3ffdc
  Parse: 081fb8755c3000fd11df817eec235def233d0af3

PODFILE CHECKSUM: f0babad274e9f823922b1e9e7209cf2c23ac4f83

COCOAPODS: 1.10.1
